PODS:
  - ActiveLabel (1.1.0)
  - JGProgressHUD (2.0.4)
  - PryntTrimmerView (4.0.2)
  - SDWebImage (4.4.8):
    - SDWebImage/Core (= 4.4.8)
  - SDWebImage/Core (4.4.8)
  - SteviaLayout (4.7.3)
  - YPImagePicker (5.2.1):
    - PryntTrimmerView (= 4.0.2)
    - SteviaLayout (= 4.7.3)

DEPENDENCIES:
  - ActiveLabel
  - JGProgressHUD (~> 2.0.3)
  - SDWebImage (~> 4.4.2)
  - YPImagePicker

SPEC REPOS:
  trunk:
    - ActiveLabel
    - JGProgressHUD
    - PryntTrimmerView
    - SDWebImage
    - SteviaLayout
    - YPImagePicker

SPEC CHECKSUMS:
  ActiveLabel: 5e3f4de79a1952d4604b845a0610d4776e4b82b3
  JGProgressHUD: 62658b14e72cccf179efc7a13bcb54d30b92fc22
  PryntTrimmerView: 6a43cc90df5d99addeabd33d4ba09b1365322130
  SDWebImage: 783af2c3fa36291a250030c4752ee370a9a51d13
  SteviaLayout: c2ecdcff57d44e38fd2f65e54ad52aeae28ca0c4
  YPImagePicker: f36043210c10b0783034eb1947d6e06e31c461e4

PODFILE CHECKSUM: 3ff52a1e91158149158d0590578f5b7286416e59

COCOAPODS: 1.11.2
